// !$*UTF8*$!
{
	archiveVersion = 1;
	classes = {
	};
	objectVersion = 50;
	objects = {

/* Begin PBXBuildFile section */
		6A5F9C5E2310DC13000F0210 /* AppDelegate.swift in Sources */ = {isa = PBXBuildFile; fileRef = 6A5F9C5D2310DC13000F0210 /* AppDelegate.swift */; };
		6A5F9C602310DC13000F0210 /* ViewController.swift in Sources */ = {isa = PBXBuildFile; fileRef = 6A5F9C5F2310DC13000F0210 /* ViewController.swift */; };
		6A5F9C632310DC13000F0210 /* Main.storyboard in Resources */ = {isa = PBXBuildFile; fileRef = 6A5F9C612310DC13000F0210 /* Main.storyboard */; };
		6A5F9C652310DC14000F0210 /* Assets.xcassets in Resources */ = {isa = PBXBuildFile; fileRef = 6A5F9C642310DC14000F0210 /* Assets.xcassets */; };
		6A5F9C682310DC14000F0210 /* LaunchScreen.storyboard in Resources */ = {isa = PBXBuildFile; fileRef = 6A5F9C662310DC14000F0210 /* LaunchScreen.storyboard */; };
		6A77150C2312387C00F07300 /* AlertbuttonUITests.swift in Sources */ = {isa = PBXBuildFile; fileRef = 6A77150B2312387C00F07300 /* AlertbuttonUITests.swift */; };
		6AE58FDF2312BB6400FC7A21 /* AlertUIConstants.swift in Sources */ = {isa = PBXBuildFile; fileRef = 6AE58FDE2312BB6400FC7A21 /* AlertUIConstants.swift */; };
		6AE58FE02312C72E00FC7A21 /* AlertUIConstants.swift in Sources */ = {isa = PBXBuildFile; fileRef = 6AE58FDE2312BB6400FC7A21 /* AlertUIConstants.swift */; };
/* End PBXBuildFile section */

/* Begin PBXContainerItemProxy section */
		6A77150E2312387C00F07300 /* PBXContainerItemProxy */ = {
			isa = PBXContainerItemProxy;
			containerPortal = 6A5F9C522310DC13000F0210 /* Project object */;
			proxyType = 1;
			remoteGlobalIDString = 6A5F9C592310DC13000F0210;
			remoteInfo = AlertUITestcase;
		};
/* End PBXContainerItemProxy section */

/* Begin PBXFileReference section */
		6A5F9C5A2310DC13000F0210 /* AlertUITestcase.app */ = {isa = PBXFileReference; explicitFileType = wrapper.application; includeInIndex = 0; path = AlertUITestcase.app; sourceTree = BUILT_PRODUCTS_DIR; };
		6A5F9C5D2310DC13000F0210 /* AppDelegate.swift */ = {isa = PBXFileReference; lastKnownFileType = sourcecode.swift; path = AppDelegate.swift; sourceTree = "<group>"; };
		6A5F9C5F2310DC13000F0210 /* ViewController.swift */ = {isa = PBXFileReference; lastKnownFileType = sourcecode.swift; path = ViewController.swift; sourceTree = "<group>"; };
		6A5F9C622310DC13000F0210 /* Base */ = {isa = PBXFileReference; lastKnownFileType = file.storyboard; name = Base; path = Base.lproj/Main.storyboard; sourceTree = "<group>"; };
		6A5F9C642310DC14000F0210 /* Assets.xcassets */ = {isa = PBXFileReference; lastKnownFileType = folder.assetcatalog; path = Assets.xcassets; sourceTree = "<group>"; };
		6A5F9C672310DC14000F0210 /* Base */ = {isa = PBXFileReference; lastKnownFileType = file.storyboard; name = Base; path = Base.lproj/LaunchScreen.storyboard; sourceTree = "<group>"; };
		6A5F9C692310DC14000F0210 /* Info.plist */ = {isa = PBXFileReference; lastKnownFileType = text.plist.xml; path = Info.plist; sourceTree = "<group>"; };
		6A7715092312387C00F07300 /* AlertbuttonUITests.xctest */ = {isa = PBXFileReference; explicitFileType = wrapper.cfbundle; includeInIndex = 0; path = AlertbuttonUITests.xctest; sourceTree = BUILT_PRODUCTS_DIR; };
		6A77150B2312387C00F07300 /* AlertbuttonUITests.swift */ = {isa = PBXFileReference; lastKnownFileType = sourcecode.swift; path = AlertbuttonUITests.swift; sourceTree = "<group>"; };
		6A77150D2312387C00F07300 /* Info.plist */ = {isa = PBXFileReference; lastKnownFileType = text.plist.xml; path = Info.plist; sourceTree = "<group>"; };
		6AE58FDE2312BB6400FC7A21 /* AlertUIConstants.swift */ = {isa = PBXFileReference; lastKnownFileType = sourcecode.swift; path = AlertUIConstants.swift; sourceTree = "<group>"; };
/* End PBXFileReference section */

/* Begin PBXFrameworksBuildPhase section */
		6A5F9C572310DC13000F0210 /* Frameworks */ = {
			isa = PBXFrameworksBuildPhase;
			buildActionMask = 2147483647;
			files = (
			);
			runOnlyForDeploymentPostprocessing = 0;
		};
		6A7715062312387C00F07300 /* Frameworks */ = {
			isa = PBXFrameworksBuildPhase;
			buildActionMask = 2147483647;
			files = (
			);
			runOnlyForDeploymentPostprocessing = 0;
		};
/* End PBXFrameworksBuildPhase section */

/* Begin PBXGroup section */
		6A5F9C512310DC13000F0210 = {
			isa = PBXGroup;
			children = (
				6A5F9C5C2310DC13000F0210 /* AlertUITestcase */,
				6A77150A2312387C00F07300 /* AlertbuttonUITests */,
				6A5F9C5B2310DC13000F0210 /* Products */,
			);
			sourceTree = "<group>";
		};
		6A5F9C5B2310DC13000F0210 /* Products */ = {
			isa = PBXGroup;
			children = (
				6A5F9C5A2310DC13000F0210 /* AlertUITestcase.app */,
				6A7715092312387C00F07300 /* AlertbuttonUITests.xctest */,
			);
			name = Products;
			sourceTree = "<group>";
		};
		6A5F9C5C2310DC13000F0210 /* AlertUITestcase */ = {
			isa = PBXGroup;
			children = (
				6A5F9C5D2310DC13000F0210 /* AppDelegate.swift */,
				6A5F9C5F2310DC13000F0210 /* ViewController.swift */,
				6A5F9C612310DC13000F0210 /* Main.storyboard */,
				6A5F9C642310DC14000F0210 /* Assets.xcassets */,
				6A5F9C662310DC14000F0210 /* LaunchScreen.storyboard */,
				6A5F9C692310DC14000F0210 /* Info.plist */,
				6AE58FDE2312BB6400FC7A21 /* AlertUIConstants.swift */,
			);
			path = AlertUITestcase;
			sourceTree = "<group>";
		};
		6A77150A2312387C00F07300 /* AlertbuttonUITests */ = {
			isa = PBXGroup;
			children = (
				6A77150B2312387C00F07300 /* AlertbuttonUITests.swift */,
				6A77150D2312387C00F07300 /* Info.plist */,
			);
			path = AlertbuttonUITests;
			sourceTree = "<group>";
		};
/* End PBXGroup section */

/* Begin PBXNativeTarget section */
		6A5F9C592310DC13000F0210 /* AlertUITestcase */ = {
			isa = PBXNativeTarget;
			buildConfigurationList = 6A5F9C6C2310DC14000F0210 /* Build configuration list for PBXNativeTarget "AlertUITestcase" */;
			buildPhases = (
				6A5F9C562310DC13000F0210 /* Sources */,
				6A5F9C572310DC13000F0210 /* Frameworks */,
				6A5F9C582310DC13000F0210 /* Resources */,
			);
			buildRules = (
			);
			dependencies = (
			);
			name = AlertUITestcase;
			productName = AlertUITestcase;
			productReference = 6A5F9C5A2310DC13000F0210 /* AlertUITestcase.app */;
			productType = "com.apple.product-type.application";
		};
		6A7715082312387C00F07300 /* AlertbuttonUITests */ = {
			isa = PBXNativeTarget;
			buildConfigurationList = 6A7715122312387C00F07300 /* Build configuration list for PBXNativeTarget "AlertbuttonUITests" */;
			buildPhases = (
				6A7715052312387C00F07300 /* Sources */,
				6A7715062312387C00F07300 /* Frameworks */,
				6A7715072312387C00F07300 /* Resources */,
			);
			buildRules = (
			);
			dependencies = (
				6A77150F2312387C00F07300 /* PBXTargetDependency */,
			);
			name = AlertbuttonUITests;
			productName = AlertbuttonUITests;
			productReference = 6A7715092312387C00F07300 /* AlertbuttonUITests.xctest */;
			productType = "com.apple.product-type.bundle.ui-testing";
		};
/* End PBXNativeTarget section */

/* Begin PBXProject section */
		6A5F9C522310DC13000F0210 /* Project object */ = {
			isa = PBXProject;
			attributes = {
				LastSwiftUpdateCheck = 1030;
				LastUpgradeCheck = 1030;
				ORGANIZATIONNAME = iOSDev;
				TargetAttributes = {
					6A5F9C592310DC13000F0210 = {
						CreatedOnToolsVersion = 10.3;
					};
					6A7715082312387C00F07300 = {
						CreatedOnToolsVersion = 10.3;
						TestTargetID = 6A5F9C592310DC13000F0210;
					};
				};
			};
			buildConfigurationList = 6A5F9C552310DC13000F0210 /* Build configuration list for PBXProject "AlertUITestcase" */;
			compatibilityVersion = "Xcode 9.3";
			developmentRegion = en;
			hasScannedForEncodings = 0;
			knownRegions = (
				en,
				Base,
			);
			mainGroup = 6A5F9C512310DC13000F0210;
			productRefGroup = 6A5F9C5B2310DC13000F0210 /* Products */;
			projectDirPath = "";
			projectRoot = "";
			targets = (
				6A5F9C592310DC13000F0210 /* AlertUITestcase */,
				6A7715082312387C00F07300 /* AlertbuttonUITests */,
			);
		};
/* End PBXProject section */

/* Begin PBXResourcesBuildPhase section */
		6A5F9C582310DC13000F0210 /* Resources */ = {
			isa = PBXResourcesBuildPhase;
			buildActionMask = 2147483647;
			files = (
				6A5F9C682310DC14000F0210 /* LaunchScreen.storyboard in Resources */,
				6A5F9C652310DC14000F0210 /* Assets.xcassets in Resources */,
				6A5F9C632310DC13000F0210 /* Main.storyboard in Resources */,
			);
			runOnlyForDeploymentPostprocessing = 0;
		};
		6A7715072312387C00F07300 /* Resources */ = {
			isa = PBXResourcesBuildPhase;
			buildActionMask = 2147483647;
			files = (
			);
			runOnlyForDeploymentPostprocessing = 0;
		};
/* End PBXResourcesBuildPhase section */

/* Begin PBXSourcesBuildPhase section */
		6A5F9C562310DC13000F0210 /* Sources */ = {
			isa = PBXSourcesBuildPhase;
			buildActionMask = 2147483647;
			files = (
				6AE58FDF2312BB6400FC7A21 /* AlertUIConstants.swift in Sources */,
				6A5F9C602310DC13000F0210 /* ViewController.swift in Sources */,
				6A5F9C5E2310DC13000F0210 /* AppDelegate.swift in Sources */,
			);
			runOnlyForDeploymentPostprocessing = 0;
		};
		6A7715052312387C00F07300 /* Sources */ = {
			isa = PBXSourcesBuildPhase;
			buildActionMask = 2147483647;
			files = (
				6AE58FE02312C72E00FC7A21 /* AlertUIConstants.swift in Sources */,
				6A77150C2312387C00F07300 /* AlertbuttonUITests.swift in Sources */,
			);
			runOnlyForDeploymentPostprocessing = 0;
		};
/* End PBXSourcesBuildPhase section */

/* Begin PBXTargetDependency section */
		6A77150F2312387C00F07300 /* PBXTargetDependency */ = {
			isa = PBXTargetDependency;
			target = 6A5F9C592310DC13000F0210 /* AlertUITestcase */;
			targetProxy = 6A77150E2312387C00F07300 /* PBXContainerItemProxy */;
		};
/* End PBXTargetDependency section */

/* Begin PBXVariantGroup section */
		6A5F9C612310DC13000F0210 /* Main.storyboard */ = {
			isa = PBXVariantGroup;
			children = (
				6A5F9C622310DC13000F0210 /* Base */,
			);
			name = Main.storyboard;
			sourceTree = "<group>";
		};
		6A5F9C662310DC14000F0210 /* LaunchScreen.storyboard */ = {
			isa = PBXVariantGroup;
			children = (
				6A5F9C672310DC14000F0210 /* Base */,
			);
			name = LaunchScreen.storyboard;
			sourceTree = "<group>";
		};
/* End PBXVariantGroup section */

/* Begin XCBuildConfiguration section */
		6A5F9C6A2310DC14000F0210 /* Debug */ = {
			isa = XCBuildConfiguration;
			buildSettings = {
				ALWAYS_SEARCH_USER_PATHS = NO;
				CLANG_ANALYZER_NONNULL = YES;
				CLANG_ANALYZER_NUMBER_OBJECT_CONVERSION = YES_AGGRESSIVE;
				CLANG_CXX_LANGUAGE_STANDARD = "gnu++14";
				CLANG_CXX_LIBRARY = "libc++";
				CLANG_ENABLE_MODULES = YES;
				CLANG_ENABLE_OBJC_ARC = YES;
				CLANG_ENABLE_OBJC_WEAK = YES;
				CLANG_WARN_BLOCK_CAPTURE_AUTORELEASING = YES;
				CLANG_WARN_BOOL_CONVERSION = YES;
				CLANG_WARN_COMMA = YES;
				CLANG_WARN_CONSTANT_CONVERSION = YES;
				CLANG_WARN_DEPRECATED_OBJC_IMPLEMENTATIONS = YES;
				CLANG_WARN_DIRECT_OBJC_ISA_USAGE = YES_ERROR;
				CLANG_WARN_DOCUMENTATION_COMMENTS = YES;
				CLANG_WARN_EMPTY_BODY = YES;
				CLANG_WARN_ENUM_CONVERSION = YES;
				CLANG_WARN_INFINITE_RECURSION = YES;
				CLANG_WARN_INT_CONVERSION = YES;
				CLANG_WARN_NON_LITERAL_NULL_CONVERSION = YES;
				CLANG_WARN_OBJC_IMPLICIT_RETAIN_SELF = YES;
				CLANG_WARN_OBJC_LITERAL_CONVERSION = YES;
				CLANG_WARN_OBJC_ROOT_CLASS = YES_ERROR;
				CLANG_WARN_RANGE_LOOP_ANALYSIS = YES;
				CLANG_WARN_STRICT_PROTOTYPES = YES;
				CLANG_WARN_SUSPICIOUS_MOVE = YES;
				CLANG_WARN_UNGUARDED_AVAILABILITY = YES_AGGRESSIVE;
				CLANG_WARN_UNREACHABLE_CODE = YES;
				CLANG_WARN__DUPLICATE_METHOD_MATCH = YES;
				CODE_SIGN_IDENTITY = "iPhone Developer";
				COPY_PHASE_STRIP = NO;
				DEBUG_INFORMATION_FORMAT = dwarf;
				ENABLE_STRICT_OBJC_MSGSEND = YES;
				ENABLE_TESTABILITY = YES;
				GCC_C_LANGUAGE_STANDARD = gnu11;
				GCC_DYNAMIC_NO_PIC = NO;
				GCC_NO_COMMON_BLOCKS = YES;
				GCC_OPTIMIZATION_LEVEL = 0;
				GCC_PREPROCESSOR_DEFINITIONS = (
					"DEBUG=1",
					"$(inherited)",
				);
				GCC_WARN_64_TO_32_BIT_CONVERSION = YES;
				GCC_WARN_ABOUT_RETURN_TYPE = YES_ERROR;
				GCC_WARN_UNDECLARED_SELECTOR = YES;
				GCC_WARN_UNINITIALIZED_AUTOS = YES_AGGRESSIVE;
				GCC_WARN_UNUSED_FUNCTION = YES;
				GCC_WARN_UNUSED_VARIABLE = YES;
				IPHONEOS_DEPLOYMENT_TARGET = 12.4;
				MTL_ENABLE_DEBUG_INFO = INCLUDE_SOURCE;
				MTL_FAST_MATH = YES;
				ONLY_ACTIVE_ARCH = YES;
				SDKROOT = iphoneos;
				SWIFT_ACTIVE_COMPILATION_CONDITIONS = DEBUG;
				SWIFT_OPTIMIZATION_LEVEL = "-Onone";
			};
			name = Debug;
		};
		6A5F9C6B2310DC14000F0210 /* Release */ = {
			isa = XCBuildConfiguration;
			buildSettings = {
				ALWAYS_SEARCH_USER_PATHS = NO;
				CLANG_ANALYZER_NONNULL = YES;
				CLANG_ANALYZER_NUMBER_OBJECT_CONVERSION = YES_AGGRESSIVE;
				CLANG_CXX_LANGUAGE_STANDARD = "gnu++14";
				CLANG_CXX_LIBRARY = "libc++";
				CLANG_ENABLE_MODULES = YES;
				CLANG_ENABLE_OBJC_ARC = YES;
				CLANG_ENABLE_OBJC_WEAK = YES;
				CLANG_WARN_BLOCK_CAPTURE_AUTORELEASING = YES;
				CLANG_WARN_BOOL_CONVERSION = YES;
				CLANG_WARN_COMMA = YES;
				CLANG_WARN_CONSTANT_CONVERSION = YES;
				CLANG_WARN_DEPRECATED_OBJC_IMPLEMENTATIONS = YES;
				CLANG_WARN_DIRECT_OBJC_ISA_USAGE = YES_ERROR;
				CLANG_WARN_DOCUMENTATION_COMMENTS = YES;
				CLANG_WARN_EMPTY_BODY = YES;
				CLANG_WARN_ENUM_CONVERSION = YES;
				CLANG_WARN_INFINITE_RECURSION = YES;
				CLANG_WARN_INT_CONVERSION = YES;
				CLANG_WARN_NON_LITERAL_NULL_CONVERSION = YES;
				CLANG_WARN_OBJC_IMPLICIT_RETAIN_SELF = YES;
				CLANG_WARN_OBJC_LITERAL_CONVERSION = YES;
				CLANG_WARN_OBJC_ROOT_CLASS = YES_ERROR;
				CLANG_WARN_RANGE_LOOP_ANALYSIS = YES;
				CLANG_WARN_STRICT_PROTOTYPES = YES;
				CLANG_WARN_SUSPICIOUS_MOVE = YES;
				CLANG_WARN_UNGUARDED_AVAILABILITY = YES_AGGRESSIVE;
				CLANG_WARN_UNREACHABLE_CODE = YES;
				CLANG_WARN__DUPLICATE_METHOD_MATCH = YES;
				CODE_SIGN_IDENTITY = "iPhone Developer";
				COPY_PHASE_STRIP = NO;
				DEBUG_INFORMATION_FORMAT = "dwarf-with-dsym";
				ENABLE_NS_ASSERTIONS = NO;
				ENABLE_STRICT_OBJC_MSGSEND = YES;
				GCC_C_LANGUAGE_STANDARD = gnu11;
				GCC_NO_COMMON_BLOCKS = YES;
				GCC_WARN_64_TO_32_BIT_CONVERSION = YES;
				GCC_WARN_ABOUT_RETURN_TYPE = YES_ERROR;
				GCC_WARN_UNDECLARED_SELECTOR = YES;
				GCC_WARN_UNINITIALIZED_AUTOS = YES_AGGRESSIVE;
				GCC_WARN_UNUSED_FUNCTION = YES;
				GCC_WARN_UNUSED_VARIABLE = YES;
				IPHONEOS_DEPLOYMENT_TARGET = 12.4;
				MTL_ENABLE_DEBUG_INFO = NO;
				MTL_FAST_MATH = YES;
				SDKROOT = iphoneos;
				SWIFT_COMPILATION_MODE = wholemodule;
				SWIFT_OPTIMIZATION_LEVEL = "-O";
				VALIDATE_PRODUCT = YES;
			};
			name = Release;
		};
		6A5F9C6D2310DC14000F0210 /* Debug */ = {
			isa = XCBuildConfiguration;
			buildSettings = {
				ASSETCATALOG_COMPILER_APPICON_NAME = AppIcon;
				CODE_SIGN_STYLE = Automatic;
				INFOPLIST_FILE = AlertUITestcase/Info.plist;
				LD_RUNPATH_SEARCH_PATHS = (
					"$(inherited)",
					"@executable_path/Frameworks",
				);
				PRODUCT_BUNDLE_IDENTIFIER = test.AlertUITestcase;
				PRODUCT_NAME = "$(TARGET_NAME)";
				SWIFT_VERSION = 5.0;
				TARGETED_DEVICE_FAMILY = "1,2";
			};
			name = Debug;
		};
		6A5F9C6E2310DC14000F0210 /* Release */ = {
			isa = XCBuildConfiguration;
			buildSettings = {
				ASSETCATALOG_COMPILER_APPICON_NAME = AppIcon;
				CODE_SIGN_STYLE = Automatic;
				INFOPLIST_FILE = AlertUITestcase/Info.plist;
				LD_RUNPATH_SEARCH_PATHS = (
					"$(inherited)",
					"@executable_path/Frameworks",
				);
				PRODUCT_BUNDLE_IDENTIFIER = test.AlertUITestcase;
				PRODUCT_NAME = "$(TARGET_NAME)";
				SWIFT_VERSION = 5.0;
				TARGETED_DEVICE_FAMILY = "1,2";
			};
			name = Release;
		};
		6A7715102312387C00F07300 /* Debug */ = {
			isa = XCBuildConfiguration;
			buildSettings = {
				CODE_SIGN_STYLE = Automatic;
				INFOPLIST_FILE = AlertbuttonUITests/Info.plist;
				LD_RUNPATH_SEARCH_PATHS = (
					"$(inherited)",
					"@executable_path/Frameworks",
					"@loader_path/Frameworks",
				);
				PRODUCT_BUNDLE_IDENTIFIER = test.AlertbuttonUITests;
				PRODUCT_NAME = "$(TARGET_NAME)";
				SWIFT_VERSION = 5.0;
				TARGETED_DEVICE_FAMILY = "1,2";
				TEST_TARGET_NAME = AlertUITestcase;
			};
			name = Debug;
		};
		6A7715112312387C00F07300 /* Release */ = {
			isa = XCBuildConfiguration;
			buildSettings = {
				CODE_SIGN_STYLE = Automatic;
				INFOPLIST_FILE = AlertbuttonUITests/Info.plist;
				LD_RUNPATH_SEARCH_PATHS = (
					"$(inherited)",
					"@executable_path/Frameworks",
					"@loader_path/Frameworks",
				);
				PRODUCT_BUNDLE_IDENTIFIER = test.AlertbuttonUITests;
				PRODUCT_NAME = "$(TARGET_NAME)";
				SWIFT_VERSION = 5.0;
				TARGETED_DEVICE_FAMILY = "1,2";
				TEST_TARGET_NAME = AlertUITestcase;
			};
			name = Release;
		};
/* End XCBuildConfiguration section */

/* Begin XCConfigurationList section */
		6A5F9C552310DC13000F0210 /* Build configuration list for PBXProject "AlertUITestcase" */ = {
			isa = XCConfigurationList;
			buildConfigurations = (
				6A5F9C6A2310DC14000F0210 /* Debug */,
				6A5F9C6B2310DC14000F0210 /* Release */,
			);
			defaultConfigurationIsVisible = 0;
			defaultConfigurationName = Release;
		};
		6A5F9C6C2310DC14000F0210 /* Build configuration list for PBXNativeTarget "AlertUITestcase" */ = {
			isa = XCConfigurationList;
			buildConfigurations = (
				6A5F9C6D2310DC14000F0210 /* Debug */,
				6A5F9C6E2310DC14000F0210 /* Release */,
			);
			defaultConfigurationIsVisible = 0;
			defaultConfigurationName = Release;
		};
		6A7715122312387C00F07300 /* Build configuration list for PBXNativeTarget "AlertbuttonUITests" */ = {
			isa = XCConfigurationList;
			buildConfigurations = (
				6A7715102312387C00F07300 /* Debug */,
				6A7715112312387C00F07300 /* Release */,
			);
			defaultConfigurationIsVisible = 0;
			defaultConfigurationName = Release;
		};
/* End XCConfigurationList section */
	};
	rootObject = 6A5F9C522310DC13000F0210 /* Project object */;
}
